
Microsoft Visual Studio Solution File, Format Version 12.00
# Visual Studio 15
VisualStudioVersion = 15.0.27004.2006
MinimumVisualStudioVersion = 10.0.40219.1
Project("{FAE04EC0-301F-11D3-BF4B-00C04F79EFBC}") = "FileOrganization_KURSATCAKAL", "FileOrganization_KURSATCAKAL\FileOrganization_KURSATCAKAL.csproj", "{AB8DDB58-41C9-4EF9-909B-75130AE3BBFB}"
EndProject
Global
	GlobalSection(SolutionConfigurationPlatforms) = preSolution
		Debug|Any CPU = Debug|Any CPU
		Release|Any CPU = Release|Any CPU
	EndGlobalSection
	GlobalSection(ProjectConfigurationPlatforms) = postSolution
		{AB8DDB58-41C9-4EF9-909B-75130AE3BBFB}.Debug|Any CPU.ActiveCfg = Debug|Any CPU
		{AB8DDB58-41C9-4EF9-909B-75130AE3BBFB}.Debug|Any CPU.Build.0 = Debug|Any CPU
		{AB8DDB58-41C9-4EF9-909B-75130AE3BBFB}.Release|Any CPU.ActiveCfg = Release|Any CPU
		{AB8DDB58-41C9-4EF9-909B-75130AE3BBFB}.Release|Any CPU.Build.0 = Release|Any CPU
	EndGlobalSection
	GlobalSection(SolutionProperties) = preSolution
		HideSolutionNode = FALSE
	EndGlobalSection
	GlobalSection(ExtensibilityGlobals) = postSolution
		SolutionGuid = {34CDB23D-6578-4A09-8275-7BD36E75DC52}
	EndGlobalSection
EndGlobal
